
Microsoft Visual Studio Solution File, Format Version 12.00
# Visual Studio 14
VisualStudioVersion = 14.0.24720.0
MinimumVisualStudioVersion = 10.0.40219.1
Project("{FAE04EC0-301F-11D3-BF4B-00C04F79EFBC}") = "See3.Common.ViewModels", "See3.Common.ViewModels\See3.Common.ViewModels.csproj", "{81DAE059-4239-48B9-985C-F002632CB3EF}"
EndProject
Project("{FAE04EC0-301F-11D3-BF4B-00C04F79EFBC}") = "See3.Common.Music", "See3.Common.Music\See3.Common.Music.csproj", "{E0B26C2B-06BF-4615-B00A-2DF9C604DF2A}"
EndProject
Project("{FAE04EC0-301F-11D3-BF4B-00C04F79EFBC}") = "See3.Common.Models", "See3.Common.Models\See3.Common.Models.csproj", "{1B5281CD-3216-4E16-912E-E26B10D6C65A}"
EndProject
Project("{FAE04EC0-301F-11D3-BF4B-00C04F79EFBC}") = "See3.EF", "See3.EF\See3.EF.csproj", "{8B4B5364-6FFE-40A7-8BE5-17A21B697452}"
EndProject
Project("{FAE04EC0-301F-11D3-BF4B-00C04F79EFBC}") = "See3.Tests", "See3.Tests\See3.Tests.csproj", "{083BA72A-22C6-4754-A90F-B54C76A10BFD}"
EndProject
Global
	GlobalSection(SolutionConfigurationPlatforms) = preSolution
		Debug|Any CPU = Debug|Any CPU
		Debug|ARM = Debug|ARM
		Debug|x64 = Debug|x64
		Debug|x86 = Debug|x86
		Release|Any CPU = Release|Any CPU
		Release|ARM = Release|ARM
		Release|x64 = Release|x64
		Release|x86 = Release|x86
	EndGlobalSection
	GlobalSection(ProjectConfigurationPlatforms) = postSolution
		{81DAE059-4239-48B9-985C-F002632CB3EF}.Debug|Any CPU.ActiveCfg = Debug|Any CPU
		{81DAE059-4239-48B9-985C-F002632CB3EF}.Debug|Any CPU.Build.0 = Debug|Any CPU
		{81DAE059-4239-48B9-985C-F002632CB3EF}.Debug|ARM.ActiveCfg = Debug|Any CPU
		{81DAE059-4239-48B9-985C-F002632CB3EF}.Debug|ARM.Build.0 = Debug|Any CPU
		{81DAE059-4239-48B9-985C-F002632CB3EF}.Debug|x64.ActiveCfg = Debug|Any CPU
		{81DAE059-4239-48B9-985C-F002632CB3EF}.Debug|x64.Build.0 = Debug|Any CPU
		{81DAE059-4239-48B9-985C-F002632CB3EF}.Debug|x86.ActiveCfg = Debug|Any CPU
		{81DAE059-4239-48B9-985C-F002632CB3EF}.Debug|x86.Build.0 = Debug|Any CPU
		{81DAE059-4239-48B9-985C-F002632CB3EF}.Release|Any CPU.ActiveCfg = Release|Any CPU
		{81DAE059-4239-48B9-985C-F002632CB3EF}.Release|Any CPU.Build.0 = Release|Any CPU
		{81DAE059-4239-48B9-985C-F002632CB3EF}.Release|ARM.ActiveCfg = Release|Any CPU
		{81DAE059-4239-48B9-985C-F002632CB3EF}.Release|ARM.Build.0 = Release|Any CPU
		{81DAE059-4239-48B9-985C-F002632CB3EF}.Release|x64.ActiveCfg = Release|Any CPU
		{81DAE059-4239-48B9-985C-F002632CB3EF}.Release|x64.Build.0 = Release|Any CPU
		{81DAE059-4239-48B9-985C-F002632CB3EF}.Release|x86.ActiveCfg = Release|Any CPU
		{81DAE059-4239-48B9-985C-F002632CB3EF}.Release|x86.Build.0 = Release|Any CPU
		{E0B26C2B-06BF-4615-B00A-2DF9C604DF2A}.Debug|Any CPU.ActiveCfg = Debug|Any CPU
		{E0B26C2B-06BF-4615-B00A-2DF9C604DF2A}.Debug|Any CPU.Build.0 = Debug|Any CPU
		{E0B26C2B-06BF-4615-B00A-2DF9C604DF2A}.Debug|ARM.ActiveCfg = Debug|Any CPU
		{E0B26C2B-06BF-4615-B00A-2DF9C604DF2A}.Debug|ARM.Build.0 = Debug|Any CPU
		{E0B26C2B-06BF-4615-B00A-2DF9C604DF2A}.Debug|x64.ActiveCfg = Debug|Any CPU
		{E0B26C2B-06BF-4615-B00A-2DF9C604DF2A}.Debug|x64.Build.0 = Debug|Any CPU
		{E0B26C2B-06BF-4615-B00A-2DF9C604DF2A}.Debug|x86.ActiveCfg = Debug|Any CPU
		{E0B26C2B-06BF-4615-B00A-2DF9C604DF2A}.Debug|x86.Build.0 = Debug|Any CPU
		{E0B26C2B-06BF-4615-B00A-2DF9C604DF2A}.Release|Any CPU.ActiveCfg = Release|Any CPU
		{E0B26C2B-06BF-4615-B00A-2DF9C604DF2A}.Release|Any CPU.Build.0 = Release|Any CPU
		{E0B26C2B-06BF-4615-B00A-2DF9C604DF2A}.Release|ARM.ActiveCfg = Release|Any CPU
		{E0B26C2B-06BF-4615-B00A-2DF9C604DF2A}.Release|ARM.Build.0 = Release|Any CPU
		{E0B26C2B-06BF-4615-B00A-2DF9C604DF2A}.Release|x64.ActiveCfg = Release|Any CPU
		{E0B26C2B-06BF-4615-B00A-2DF9C604DF2A}.Release|x64.Build.0 = Release|Any CPU
		{E0B26C2B-06BF-4615-B00A-2DF9C604DF2A}.Release|x86.ActiveCfg = Release|Any CPU
		{E0B26C2B-06BF-4615-B00A-2DF9C604DF2A}.Release|x86.Build.0 = Release|Any CPU
		{1B5281CD-3216-4E16-912E-E26B10D6C65A}.Debug|Any CPU.ActiveCfg = Debug|Any CPU
		{1B5281CD-3216-4E16-912E-E26B10D6C65A}.Debug|Any CPU.Build.0 = Debug|Any CPU
		{1B5281CD-3216-4E16-912E-E26B10D6C65A}.Debug|ARM.ActiveCfg = Debug|Any CPU
		{1B5281CD-3216-4E16-912E-E26B10D6C65A}.Debug|ARM.Build.0 = Debug|Any CPU
		{1B5281CD-3216-4E16-912E-E26B10D6C65A}.Debug|x64.ActiveCfg = Debug|Any CPU
		{1B5281CD-3216-4E16-912E-E26B10D6C65A}.Debug|x64.Build.0 = Debug|Any CPU
		{1B5281CD-3216-4E16-912E-E26B10D6C65A}.Debug|x86.ActiveCfg = Debug|Any CPU
		{1B5281CD-3216-4E16-912E-E26B10D6C65A}.Debug|x86.Build.0 = Debug|Any CPU
		{1B5281CD-3216-4E16-912E-E26B10D6C65A}.Release|Any CPU.ActiveCfg = Release|Any CPU
		{1B5281CD-3216-4E16-912E-E26B10D6C65A}.Release|Any CPU.Build.0 = Release|Any CPU
		{1B5281CD-3216-4E16-912E-E26B10D6C65A}.Release|ARM.ActiveCfg = Release|Any CPU
		{1B5281CD-3216-4E16-912E-E26B10D6C65A}.Release|ARM.Build.0 = Release|Any CPU
		{1B5281CD-3216-4E16-912E-E26B10D6C65A}.Release|x64.ActiveCfg = Release|Any CPU
		{1B5281CD-3216-4E16-912E-E26B10D6C65A}.Release|x64.Build.0 = Release|Any CPU
		{1B5281CD-3216-4E16-912E-E26B10D6C65A}.Release|x86.ActiveCfg = Release|Any CPU
		{1B5281CD-3216-4E16-912E-E26B10D6C65A}.Release|x86.Build.0 = Release|Any CPU
		{8B4B5364-6FFE-40A7-8BE5-17A21B697452}.Debug|Any CPU.ActiveCfg = Debug|Any CPU
		{8B4B5364-6FFE-40A7-8BE5-17A21B697452}.Debug|Any CPU.Build.0 = Debug|Any CPU
		{8B4B5364-6FFE-40A7-8BE5-17A21B697452}.Debug|ARM.ActiveCfg = Debug|Any CPU
		{8B4B5364-6FFE-40A7-8BE5-17A21B697452}.Debug|ARM.Build.0 = Debug|Any CPU
		{8B4B5364-6FFE-40A7-8BE5-17A21B697452}.Debug|x64.ActiveCfg = Debug|Any CPU
		{8B4B5364-6FFE-40A7-8BE5-17A21B697452}.Debug|x64.Build.0 = Debug|Any CPU
		{8B4B5364-6FFE-40A7-8BE5-17A21B697452}.Debug|x86.ActiveCfg = Debug|Any CPU
		{8B4B5364-6FFE-40A7-8BE5-17A21B697452}.Debug|x86.Build.0 = Debug|Any CPU
		{8B4B5364-6FFE-40A7-8BE5-17A21B697452}.Release|Any CPU.ActiveCfg = Release|Any CPU
		{8B4B5364-6FFE-40A7-8BE5-17A21B697452}.Release|Any CPU.Build.0 = Release|Any CPU
		{8B4B5364-6FFE-40A7-8BE5-17A21B697452}.Release|ARM.ActiveCfg = Release|Any CPU
		{8B4B5364-6FFE-40A7-8BE5-17A21B697452}.Release|ARM.Build.0 = Release|Any CPU
		{8B4B5364-6FFE-40A7-8BE5-17A21B697452}.Release|x64.ActiveCfg = Release|Any CPU
		{8B4B5364-6FFE-40A7-8BE5-17A21B697452}.Release|x64.Build.0 = Release|Any CPU
		{8B4B5364-6FFE-40A7-8BE5-17A21B697452}.Release|x86.ActiveCfg = Release|Any CPU
		{8B4B5364-6FFE-40A7-8BE5-17A21B697452}.Release|x86.Build.0 = Release|Any CPU
		{083BA72A-22C6-4754-A90F-B54C76A10BFD}.Debug|Any CPU.ActiveCfg = Debug|Any CPU
		{083BA72A-22C6-4754-A90F-B54C76A10BFD}.Debug|Any CPU.Build.0 = Debug|Any CPU
		{083BA72A-22C6-4754-A90F-B54C76A10BFD}.Debug|ARM.ActiveCfg = Debug|Any CPU
		{083BA72A-22C6-4754-A90F-B54C76A10BFD}.Debug|ARM.Build.0 = Debug|Any CPU
		{083BA72A-22C6-4754-A90F-B54C76A10BFD}.Debug|x64.ActiveCfg = Debug|Any CPU
		{083BA72A-22C6-4754-A90F-B54C76A10BFD}.Debug|x64.Build.0 = Debug|Any CPU
		{083BA72A-22C6-4754-A90F-B54C76A10BFD}.Debug|x86.ActiveCfg = Debug|Any CPU
		{083BA72A-22C6-4754-A90F-B54C76A10BFD}.Debug|x86.Build.0 = Debug|Any CPU
		{083BA72A-22C6-4754-A90F-B54C76A10BFD}.Release|Any CPU.ActiveCfg = Release|Any CPU
		{083BA72A-22C6-4754-A90F-B54C76A10BFD}.Release|Any CPU.Build.0 = Release|Any CPU
		{083BA72A-22C6-4754-A90F-B54C76A10BFD}.Release|ARM.ActiveCfg = Release|Any CPU
		{083BA72A-22C6-4754-A90F-B54C76A10BFD}.Release|ARM.Build.0 = Release|Any CPU
		{083BA72A-22C6-4754-A90F-B54C76A10BFD}.Release|x64.ActiveCfg = Release|Any CPU
		{083BA72A-22C6-4754-A90F-B54C76A10BFD}.Release|x64.Build.0 = Release|Any CPU
		{083BA72A-22C6-4754-A90F-B54C76A10BFD}.Release|x86.ActiveCfg = Release|Any CPU
		{083BA72A-22C6-4754-A90F-B54C76A10BFD}.Release|x86.Build.0 = Release|Any CPU
	EndGlobalSection
	GlobalSection(SolutionProperties) = preSolution
		HideSolutionNode = FALSE
	EndGlobalSection
EndGlobal
